{
  "meteor": {
    "git": "https://github.com/meteor/meteor.git",
    "branch": "master",
    "commit": "2d8b41a87cec884489ead138b5dfea31487363f3"
  },
  "dependencies": {
    "basePackages": {
      "handlebar-bind": {},
      "page-js": {},
      "bootstrap-datepicker": {}
    },
    "packages": {
      "handlebar-bind": {
        "git": "https://github.com/raix/Meteor-handlebar-bind.git",
        "tag": "v0.0.1",
        "commit": "5dad52f10c53c3c322406432ab18531904a17213"
      },
      "page-js": {
        "git": "https://github.com/tmeasday/meteor-page-js.git",
        "tag": "v1.3.5",
        "commit": "c652f795a86498aa4609ab637a694710421cb218"
      },
      "bootstrap-datepicker": {
        "git": "https://github.com/acidsound/bootstrap-datepicker.git",
        "tag": "v0.5.1",
        "commit": "578d0bad1b5b5120c1abc333e449b8d0256969b4"
      }
    }
  }
}
